
Microsoft Visual Studio Solution File, Format Version 12.00
# Visual Studio Version 17
VisualStudioVersion = 17.3.32825.248
MinimumVisualStudioVersion = 10.0.40219.1
Project("{FAE04EC0-301F-11D3-BF4B-00C04F79EFBC}") = "Practica_1", "Practica_1\Practica_1.csproj", "{DC405EE0-CF81-4B6E-86F7-3BE4E0D276ED}"
EndProject
Global
	GlobalSection(SolutionConfigurationPlatforms) = preSolution
		Debug|Any CPU = Debug|Any CPU
		Release|Any CPU = Release|Any CPU
	EndGlobalSection
	GlobalSection(ProjectConfigurationPlatforms) = postSolution
		{DC405EE0-CF81-4B6E-86F7-3BE4E0D276ED}.Debug|Any CPU.ActiveCfg = Debug|Any CPU
		{DC405EE0-CF81-4B6E-86F7-3BE4E0D276ED}.Debug|Any CPU.Build.0 = Debug|Any CPU
		{DC405EE0-CF81-4B6E-86F7-3BE4E0D276ED}.Release|Any CPU.ActiveCfg = Release|Any CPU
		{DC405EE0-CF81-4B6E-86F7-3BE4E0D276ED}.Release|Any CPU.Build.0 = Release|Any CPU
	EndGlobalSection
	GlobalSection(SolutionProperties) = preSolution
		HideSolutionNode = FALSE
	EndGlobalSection
	GlobalSection(ExtensibilityGlobals) = postSolution
		SolutionGuid = {A42B0829-4CE4-451E-B5EB-60D0C9E70992}
	EndGlobalSection
EndGlobal
